
Microsoft Visual Studio Solution File, Format Version 12.00
# Visual Studio 14
VisualStudioVersion = 14.0.25420.1
MinimumVisualStudioVersion = 10.0.40219.1
Project("{FAE04EC0-301F-11D3-BF4B-00C04F79EFBC}") = "DchatServer", "DchatServer\DchatServer.csproj", "{450218CF-E374-41EA-9C36-26B5971E05DF}"
EndProject
Project("{FAE04EC0-301F-11D3-BF4B-00C04F79EFBC}") = "DchatEntities", "DchatEntities\DchatEntities.csproj", "{316FED08-2A7B-4D08-81F6-717A8B41FB06}"
EndProject
Project("{FAE04EC0-301F-11D3-BF4B-00C04F79EFBC}") = "DchatClient", "DchatClient\DchatClient.csproj", "{BD4BF814-8732-41F2-92C1-AD5B3413C7EB}"
EndProject
Project("{FAE04EC0-301F-11D3-BF4B-00C04F79EFBC}") = "DchatServices", "DchatServices\DchatServices.csproj", "{0DA5155D-00E1-4D37-B978-751EAE02DA36}"
EndProject
Global
	GlobalSection(SolutionConfigurationPlatforms) = preSolution
		Debug|Any CPU = Debug|Any CPU
		Debug|ARM = Debug|ARM
		Debug|x64 = Debug|x64
		Debug|x86 = Debug|x86
		Release|Any CPU = Release|Any CPU
		Release|ARM = Release|ARM
		Release|x64 = Release|x64
		Release|x86 = Release|x86
	EndGlobalSection
	GlobalSection(ProjectConfigurationPlatforms) = postSolution
		{450218CF-E374-41EA-9C36-26B5971E05DF}.Debug|Any CPU.ActiveCfg = Debug|Any CPU
		{450218CF-E374-41EA-9C36-26B5971E05DF}.Debug|Any CPU.Build.0 = Debug|Any CPU
		{450218CF-E374-41EA-9C36-26B5971E05DF}.Debug|ARM.ActiveCfg = Debug|Any CPU
		{450218CF-E374-41EA-9C36-26B5971E05DF}.Debug|ARM.Build.0 = Debug|Any CPU
		{450218CF-E374-41EA-9C36-26B5971E05DF}.Debug|x64.ActiveCfg = Debug|Any CPU
		{450218CF-E374-41EA-9C36-26B5971E05DF}.Debug|x64.Build.0 = Debug|Any CPU
		{450218CF-E374-41EA-9C36-26B5971E05DF}.Debug|x86.ActiveCfg = Debug|Any CPU
		{450218CF-E374-41EA-9C36-26B5971E05DF}.Debug|x86.Build.0 = Debug|Any CPU
		{450218CF-E374-41EA-9C36-26B5971E05DF}.Release|Any CPU.ActiveCfg = Release|Any CPU
		{450218CF-E374-41EA-9C36-26B5971E05DF}.Release|Any CPU.Build.0 = Release|Any CPU
		{450218CF-E374-41EA-9C36-26B5971E05DF}.Release|ARM.ActiveCfg = Release|Any CPU
		{450218CF-E374-41EA-9C36-26B5971E05DF}.Release|ARM.Build.0 = Release|Any CPU
		{450218CF-E374-41EA-9C36-26B5971E05DF}.Release|x64.ActiveCfg = Release|Any CPU
		{450218CF-E374-41EA-9C36-26B5971E05DF}.Release|x64.Build.0 = Release|Any CPU
		{450218CF-E374-41EA-9C36-26B5971E05DF}.Release|x86.ActiveCfg = Release|Any CPU
		{450218CF-E374-41EA-9C36-26B5971E05DF}.Release|x86.Build.0 = Release|Any CPU
		{316FED08-2A7B-4D08-81F6-717A8B41FB06}.Debug|Any CPU.ActiveCfg = Debug|Any CPU
		{316FED08-2A7B-4D08-81F6-717A8B41FB06}.Debug|Any CPU.Build.0 = Debug|Any CPU
		{316FED08-2A7B-4D08-81F6-717A8B41FB06}.Debug|ARM.ActiveCfg = Debug|Any CPU
		{316FED08-2A7B-4D08-81F6-717A8B41FB06}.Debug|ARM.Build.0 = Debug|Any CPU
		{316FED08-2A7B-4D08-81F6-717A8B41FB06}.Debug|x64.ActiveCfg = Debug|Any CPU
		{316FED08-2A7B-4D08-81F6-717A8B41FB06}.Debug|x64.Build.0 = Debug|Any CPU
		{316FED08-2A7B-4D08-81F6-717A8B41FB06}.Debug|x86.ActiveCfg = Debug|Any CPU
		{316FED08-2A7B-4D08-81F6-717A8B41FB06}.Debug|x86.Build.0 = Debug|Any CPU
		{316FED08-2A7B-4D08-81F6-717A8B41FB06}.Release|Any CPU.ActiveCfg = Release|Any CPU
		{316FED08-2A7B-4D08-81F6-717A8B41FB06}.Release|Any CPU.Build.0 = Release|Any CPU
		{316FED08-2A7B-4D08-81F6-717A8B41FB06}.Release|ARM.ActiveCfg = Release|Any CPU
		{316FED08-2A7B-4D08-81F6-717A8B41FB06}.Release|ARM.Build.0 = Release|Any CPU
		{316FED08-2A7B-4D08-81F6-717A8B41FB06}.Release|x64.ActiveCfg = Release|Any CPU
		{316FED08-2A7B-4D08-81F6-717A8B41FB06}.Release|x64.Build.0 = Release|Any CPU
		{316FED08-2A7B-4D08-81F6-717A8B41FB06}.Release|x86.ActiveCfg = Release|Any CPU
		{316FED08-2A7B-4D08-81F6-717A8B41FB06}.Release|x86.Build.0 = Release|Any CPU
		{BD4BF814-8732-41F2-92C1-AD5B3413C7EB}.Debug|Any CPU.ActiveCfg = Debug|Any CPU
		{BD4BF814-8732-41F2-92C1-AD5B3413C7EB}.Debug|Any CPU.Build.0 = Debug|Any CPU
		{BD4BF814-8732-41F2-92C1-AD5B3413C7EB}.Debug|ARM.ActiveCfg = Debug|Any CPU
		{BD4BF814-8732-41F2-92C1-AD5B3413C7EB}.Debug|ARM.Build.0 = Debug|Any CPU
		{BD4BF814-8732-41F2-92C1-AD5B3413C7EB}.Debug|x64.ActiveCfg = Debug|Any CPU
		{BD4BF814-8732-41F2-92C1-AD5B3413C7EB}.Debug|x64.Build.0 = Debug|Any CPU
		{BD4BF814-8732-41F2-92C1-AD5B3413C7EB}.Debug|x86.ActiveCfg = Debug|Any CPU
		{BD4BF814-8732-41F2-92C1-AD5B3413C7EB}.Debug|x86.Build.0 = Debug|Any CPU
		{BD4BF814-8732-41F2-92C1-AD5B3413C7EB}.Release|Any CPU.ActiveCfg = Release|Any CPU
		{BD4BF814-8732-41F2-92C1-AD5B3413C7EB}.Release|Any CPU.Build.0 = Release|Any CPU
		{BD4BF814-8732-41F2-92C1-AD5B3413C7EB}.Release|ARM.ActiveCfg = Release|Any CPU
		{BD4BF814-8732-41F2-92C1-AD5B3413C7EB}.Release|ARM.Build.0 = Release|Any CPU
		{BD4BF814-8732-41F2-92C1-AD5B3413C7EB}.Release|x64.ActiveCfg = Release|Any CPU
		{BD4BF814-8732-41F2-92C1-AD5B3413C7EB}.Release|x64.Build.0 = Release|Any CPU
		{BD4BF814-8732-41F2-92C1-AD5B3413C7EB}.Release|x86.ActiveCfg = Release|Any CPU
		{BD4BF814-8732-41F2-92C1-AD5B3413C7EB}.Release|x86.Build.0 = Release|Any CPU
		{0DA5155D-00E1-4D37-B978-751EAE02DA36}.Debug|Any CPU.ActiveCfg = Debug|Any CPU
		{0DA5155D-00E1-4D37-B978-751EAE02DA36}.Debug|Any CPU.Build.0 = Debug|Any CPU
		{0DA5155D-00E1-4D37-B978-751EAE02DA36}.Debug|ARM.ActiveCfg = Debug|Any CPU
		{0DA5155D-00E1-4D37-B978-751EAE02DA36}.Debug|ARM.Build.0 = Debug|Any CPU
		{0DA5155D-00E1-4D37-B978-751EAE02DA36}.Debug|x64.ActiveCfg = Debug|Any CPU
		{0DA5155D-00E1-4D37-B978-751EAE02DA36}.Debug|x64.Build.0 = Debug|Any CPU
		{0DA5155D-00E1-4D37-B978-751EAE02DA36}.Debug|x86.ActiveCfg = Debug|Any CPU
		{0DA5155D-00E1-4D37-B978-751EAE02DA36}.Debug|x86.Build.0 = Debug|Any CPU
		{0DA5155D-00E1-4D37-B978-751EAE02DA36}.Release|Any CPU.ActiveCfg = Release|Any CPU
		{0DA5155D-00E1-4D37-B978-751EAE02DA36}.Release|Any CPU.Build.0 = Release|Any CPU
		{0DA5155D-00E1-4D37-B978-751EAE02DA36}.Release|ARM.ActiveCfg = Release|Any CPU
		{0DA5155D-00E1-4D37-B978-751EAE02DA36}.Release|ARM.Build.0 = Release|Any CPU
		{0DA5155D-00E1-4D37-B978-751EAE02DA36}.Release|x64.ActiveCfg = Release|Any CPU
		{0DA5155D-00E1-4D37-B978-751EAE02DA36}.Release|x64.Build.0 = Release|Any CPU
		{0DA5155D-00E1-4D37-B978-751EAE02DA36}.Release|x86.ActiveCfg = Release|Any CPU
		{0DA5155D-00E1-4D37-B978-751EAE02DA36}.Release|x86.Build.0 = Release|Any CPU
	EndGlobalSection
	GlobalSection(SolutionProperties) = preSolution
		HideSolutionNode = FALSE
	EndGlobalSection
EndGlobal
